// !$*UTF8*$!
{
	archiveVersion = 1;
	classes = {
	};
	objectVersion = 46;
	objects = {

/* Begin PBXBuildFile section */
		6B3756791B87BBD600B907C0 /* CategoriesTableViewController.swift in Sources */ = {isa = PBXBuildFile; fileRef = 6B3756781B87BBD600B907C0 /* CategoriesTableViewController.swift */; };
		6B37567E1B87C1D400B907C0 /* CategoryTableViewCell.swift in Sources */ = {isa = PBXBuildFile; fileRef = 6B37567C1B87C1D400B907C0 /* CategoryTableViewCell.swift */; };
		6B3CC1661BA0DF8E00061484 /* InfoChildViewController.swift in Sources */ = {isa = PBXBuildFile; fileRef = 6B3CC1651BA0DF8E00061484 /* InfoChildViewController.swift */; };
		6B4E149D1B6956C700C4299C /* AppDelegate.swift in Sources */ = {isa = PBXBuildFile; fileRef = 6B4E149C1B6956C700C4299C /* AppDelegate.swift */; };
		6B4E149F1B6956C700C4299C /* MapController.swift in Sources */ = {isa = PBXBuildFile; fileRef = 6B4E149E1B6956C700C4299C /* MapController.swift */; };
		6B4E14A11B6956C700C4299C /* SecondViewController.swift in Sources */ = {isa = PBXBuildFile; fileRef = 6B4E14A01B6956C700C4299C /* SecondViewController.swift */; };
		6B4E14A41B6956C700C4299C /* Main.storyboard in Resources */ = {isa = PBXBuildFile; fileRef = 6B4E14A21B6956C700C4299C /* Main.storyboard */; };
		6B4E14A61B6956C700C4299C /* Images.xcassets in Resources */ = {isa = PBXBuildFile; fileRef = 6B4E14A51B6956C700C4299C /* Images.xcassets */; };
		6B4E14A91B6956C700C4299C /* LaunchScreen.xib in Resources */ = {isa = PBXBuildFile; fileRef = 6B4E14A71B6956C700C4299C /* LaunchScreen.xib */; };
		6B4E14B51B6956C800C4299C /* Your_Monterey_PeninsulaTests.swift in Sources */ = {isa = PBXBuildFile; fileRef = 6B4E14B41B6956C800C4299C /* Your_Monterey_PeninsulaTests.swift */; };
		6B5430581B8D035300FECABF /* ParseFactory.swift in Sources */ = {isa = PBXBuildFile; fileRef = 6B5430571B8D035300FECABF /* ParseFactory.swift */; };
		6B5ADB251BAA04F5006D2CB9 /* Bolts.framework in Frameworks */ = {isa = PBXBuildFile; fileRef = 6B5ADB231BAA04F5006D2CB9 /* Bolts.framework */; settings = {ASSET_TAGS = (); }; };
		6B5ADB261BAA04F5006D2CB9 /* Parse.framework in Frameworks */ = {isa = PBXBuildFile; fileRef = 6B5ADB241BAA04F5006D2CB9 /* Parse.framework */; settings = {ASSET_TAGS = (); }; };
		6B5ADB281BAA0576006D2CB9 /* AudioToolbox.framework in Frameworks */ = {isa = PBXBuildFile; fileRef = 6B5ADB271BAA0576006D2CB9 /* AudioToolbox.framework */; };
		6B5ADB2A1BAA0580006D2CB9 /* CFNetwork.framework in Frameworks */ = {isa = PBXBuildFile; fileRef = 6B5ADB291BAA0580006D2CB9 /* CFNetwork.framework */; };
		6B5ADB2C1BAA0589006D2CB9 /* CoreGraphics.framework in Frameworks */ = {isa = PBXBuildFile; fileRef = 6B5ADB2B1BAA0589006D2CB9 /* CoreGraphics.framework */; };
		6B5ADB2E1BAA059D006D2CB9 /* QuartzCore.framework in Frameworks */ = {isa = PBXBuildFile; fileRef = 6B5ADB2D1BAA059D006D2CB9 /* QuartzCore.framework */; };
		6B5ADB301BAA05A9006D2CB9 /* Security.framework in Frameworks */ = {isa = PBXBuildFile; fileRef = 6B5ADB2F1BAA05A9006D2CB9 /* Security.framework */; };
		6B5ADB321BAA05B1006D2CB9 /* StoreKit.framework in Frameworks */ = {isa = PBXBuildFile; fileRef = 6B5ADB311BAA05B1006D2CB9 /* StoreKit.framework */; };
		6B5ADB341BAA05BC006D2CB9 /* SystemConfiguration.framework in Frameworks */ = {isa = PBXBuildFile; fileRef = 6B5ADB331BAA05BC006D2CB9 /* SystemConfiguration.framework */; };
		6B5ADB361BAA05F0006D2CB9 /* libz.tbd in Frameworks */ = {isa = PBXBuildFile; fileRef = 6B5ADB351BAA05F0006D2CB9 /* libz.tbd */; };
		6B5ADB381BAA05FC006D2CB9 /* libsqlite3.tbd in Frameworks */ = {isa = PBXBuildFile; fileRef = 6B5ADB371BAA05FC006D2CB9 /* libsqlite3.tbd */; };
		6B5ADB3A1BAA0606006D2CB9 /* Accounts.framework in Frameworks */ = {isa = PBXBuildFile; fileRef = 6B5ADB391BAA0606006D2CB9 /* Accounts.framework */; };
		6B5ADB3C1BAA060D006D2CB9 /* Social.framework in Frameworks */ = {isa = PBXBuildFile; fileRef = 6B5ADB3B1BAA060D006D2CB9 /* Social.framework */; };
		6BA594381B890B9A00BA348A /* BusinessListTableViewController.swift in Sources */ = {isa = PBXBuildFile; fileRef = 6BA594371B890B9A00BA348A /* BusinessListTableViewController.swift */; };
		6BA5943B1B890D4000BA348A /* BusinessListCell.swift in Sources */ = {isa = PBXBuildFile; fileRef = 6BA5943A1B890D4000BA348A /* BusinessListCell.swift */; };
		6BA5943E1B891FB000BA348A /* Data.swift in Sources */ = {isa = PBXBuildFile; fileRef = 6BA5943D1B891FB000BA348A /* Data.swift */; };
		6BD9DC201B754BB000BA1EC3 /* Business.swift in Sources */ = {isa = PBXBuildFile; fileRef = 6BD9DC1F1B754BB000BA1EC3 /* Business.swift */; };
		6BE3686E1B9CEDD800769FC3 /* BusinessInfoViewController.swift in Sources */ = {isa = PBXBuildFile; fileRef = 6BE3686D1B9CEDD800769FC3 /* BusinessInfoViewController.swift */; };
		6BEF0FDE1B98EE7300AD9FD3 /* CoreLocation.framework in Frameworks */ = {isa = PBXBuildFile; fileRef = 6BEF0FDD1B98EE7300AD9FD3 /* CoreLocation.framework */; };
		6BEF0FE01B98EE7D00AD9FD3 /* MapKit.framework in Frameworks */ = {isa = PBXBuildFile; fileRef = 6BEF0FDF1B98EE7D00AD9FD3 /* MapKit.framework */; };
		8222E8B992837C9540E4088E /* Pods.framework in Frameworks */ = {isa = PBXBuildFile; fileRef = D4FF6C1D36958D0D89BC26B3 /* Pods.framework */; settings = {ATTRIBUTES = (Weak, ); }; };
/* End PBXBuildFile section */

/* Begin PBXContainerItemProxy section */
		6B4E14AF1B6956C800C4299C /* PBXContainerItemProxy */ = {
			isa = PBXContainerItemProxy;
			containerPortal = 6B4E148F1B6956C700C4299C /* Project object */;
			proxyType = 1;
			remoteGlobalIDString = 6B4E14961B6956C700C4299C;
			remoteInfo = "Your Monterey Peninsula";
		};
/* End PBXContainerItemProxy section */

/* Begin PBXFileReference section */
		11CD4C01EBA424C5A741509B /* Pods.release.xcconfig */ = {isa = PBXFileReference; includeInIndex = 1; lastKnownFileType = text.xcconfig; name = Pods.release.xcconfig; path = "Pods/Target Support Files/Pods/Pods.release.xcconfig"; sourceTree = "<group>"; };
		31E83DBDD134563A2FCD1079 /* Pods.debug.xcconfig */ = {isa = PBXFileReference; includeInIndex = 1; lastKnownFileType = text.xcconfig; name = Pods.debug.xcconfig; path = "Pods/Target Support Files/Pods/Pods.debug.xcconfig"; sourceTree = "<group>"; };
		6B3756781B87BBD600B907C0 /* CategoriesTableViewController.swift */ = {isa = PBXFileReference; fileEncoding = 4; lastKnownFileType = sourcecode.swift; path = CategoriesTableViewController.swift; sourceTree = "<group>"; };
		6B37567C1B87C1D400B907C0 /* CategoryTableViewCell.swift */ = {isa = PBXFileReference; fileEncoding = 4; lastKnownFileType = sourcecode.swift; path = CategoryTableViewCell.swift; sourceTree = "<group>"; };
		6B3CC1651BA0DF8E00061484 /* InfoChildViewController.swift */ = {isa = PBXFileReference; fileEncoding = 4; lastKnownFileType = sourcecode.swift; path = InfoChildViewController.swift; sourceTree = "<group>"; };
		6B4E14971B6956C700C4299C /* Your Monterey Peninsula.app */ = {isa = PBXFileReference; explicitFileType = wrapper.application; includeInIndex = 0; path = "Your Monterey Peninsula.app"; sourceTree = BUILT_PRODUCTS_DIR; };
		6B4E149B1B6956C700C4299C /* Info.plist */ = {isa = PBXFileReference; lastKnownFileType = text.plist.xml; path = Info.plist; sourceTree = "<group>"; };
		6B4E149C1B6956C700C4299C /* AppDelegate.swift */ = {isa = PBXFileReference; lastKnownFileType = sourcecode.swift; path = AppDelegate.swift; sourceTree = "<group>"; };
		6B4E149E1B6956C700C4299C /* MapController.swift */ = {isa = PBXFileReference; lastKnownFileType = sourcecode.swift; path = MapController.swift; sourceTree = "<group>"; };
		6B4E14A01B6956C700C4299C /* SecondViewController.swift */ = {isa = PBXFileReference; lastKnownFileType = sourcecode.swift; path = SecondViewController.swift; sourceTree = "<group>"; };
		6B4E14A31B6956C700C4299C /* Base */ = {isa = PBXFileReference; lastKnownFileType = file.storyboard; name = Base; path = Base.lproj/Main.storyboard; sourceTree = "<group>"; };
		6B4E14A51B6956C700C4299C /* Images.xcassets */ = {isa = PBXFileReference; lastKnownFileType = folder.assetcatalog; path = Images.xcassets; sourceTree = "<group>"; };
		6B4E14A81B6956C700C4299C /* Base */ = {isa = PBXFileReference; lastKnownFileType = file.xib; name = Base; path = Base.lproj/LaunchScreen.xib; sourceTree = "<group>"; };
		6B4E14AE1B6956C800C4299C /* Your Monterey PeninsulaTests.xctest */ = {isa = PBXFileReference; explicitFileType = wrapper.cfbundle; includeInIndex = 0; path = "Your Monterey PeninsulaTests.xctest"; sourceTree = BUILT_PRODUCTS_DIR; };
		6B4E14B31B6956C800C4299C /* Info.plist */ = {isa = PBXFileReference; lastKnownFileType = text.plist.xml; path = Info.plist; sourceTree = "<group>"; };
		6B4E14B41B6956C800C4299C /* Your_Monterey_PeninsulaTests.swift */ = {isa = PBXFileReference; lastKnownFileType = sourcecode.swift; path = Your_Monterey_PeninsulaTests.swift; sourceTree = "<group>"; };
		6B5430571B8D035300FECABF /* ParseFactory.swift */ = {isa = PBXFileReference; fileEncoding = 4; lastKnownFileType = sourcecode.swift; path = ParseFactory.swift; sourceTree = "<group>"; };
		6B5ADB231BAA04F5006D2CB9 /* Bolts.framework */ = {isa = PBXFileReference; lastKnownFileType = wrapper.framework; path = Bolts.framework; sourceTree = "<group>"; };
		6B5ADB241BAA04F5006D2CB9 /* Parse.framework */ = {isa = PBXFileReference; lastKnownFileType = wrapper.framework; path = Parse.framework; sourceTree = "<group>"; };
		6B5ADB271BAA0576006D2CB9 /* AudioToolbox.framework */ = {isa = PBXFileReference; lastKnownFileType = wrapper.framework; name = AudioToolbox.framework; path = System/Library/Frameworks/AudioToolbox.framework; sourceTree = SDKROOT; };
		6B5ADB291BAA0580006D2CB9 /* CFNetwork.framework */ = {isa = PBXFileReference; lastKnownFileType = wrapper.framework; name = CFNetwork.framework; path = System/Library/Frameworks/CFNetwork.framework; sourceTree = SDKROOT; };
		6B5ADB2B1BAA0589006D2CB9 /* CoreGraphics.framework */ = {isa = PBXFileReference; lastKnownFileType = wrapper.framework; name = CoreGraphics.framework; path = System/Library/Frameworks/CoreGraphics.framework; sourceTree = SDKROOT; };
		6B5ADB2D1BAA059D006D2CB9 /* QuartzCore.framework */ = {isa = PBXFileReference; lastKnownFileType = wrapper.framework; name = QuartzCore.framework; path = System/Library/Frameworks/QuartzCore.framework; sourceTree = SDKROOT; };
		6B5ADB2F1BAA05A9006D2CB9 /* Security.framework */ = {isa = PBXFileReference; lastKnownFileType = wrapper.framework; name = Security.framework; path = System/Library/Frameworks/Security.framework; sourceTree = SDKROOT; };
		6B5ADB311BAA05B1006D2CB9 /* StoreKit.framework */ = {isa = PBXFileReference; lastKnownFileType = wrapper.framework; name = StoreKit.framework; path = System/Library/Frameworks/StoreKit.framework; sourceTree = SDKROOT; };
		6B5ADB331BAA05BC006D2CB9 /* SystemConfiguration.framework */ = {isa = PBXFileReference; lastKnownFileType = wrapper.framework; name = SystemConfiguration.framework; path = System/Library/Frameworks/SystemConfiguration.framework; sourceTree = SDKROOT; };
		6B5ADB351BAA05F0006D2CB9 /* libz.tbd */ = {isa = PBXFileReference; lastKnownFileType = "sourcecode.text-based-dylib-definition"; name = libz.tbd; path = usr/lib/libz.tbd; sourceTree = SDKROOT; };
		6B5ADB371BAA05FC006D2CB9 /* libsqlite3.tbd */ = {isa = PBXFileReference; lastKnownFileType = "sourcecode.text-based-dylib-definition"; name = libsqlite3.tbd; path = usr/lib/libsqlite3.tbd; sourceTree = SDKROOT; };
		6B5ADB391BAA0606006D2CB9 /* Accounts.framework */ = {isa = PBXFileReference; lastKnownFileType = wrapper.framework; name = Accounts.framework; path = System/Library/Frameworks/Accounts.framework; sourceTree = SDKROOT; };
		6B5ADB3B1BAA060D006D2CB9 /* Social.framework */ = {isa = PBXFileReference; lastKnownFileType = wrapper.framework; name = Social.framework; path = System/Library/Frameworks/Social.framework; sourceTree = SDKROOT; };
		6B5ADB3D1BAA0927006D2CB9 /* Your Monterey Peninsula-Bridging-Header.h */ = {isa = PBXFileReference; lastKnownFileType = sourcecode.c.h; path = "Your Monterey Peninsula-Bridging-Header.h"; sourceTree = SOURCE_ROOT; };
		6BA594371B890B9A00BA348A /* BusinessListTableViewController.swift */ = {isa = PBXFileReference; fileEncoding = 4; lastKnownFileType = sourcecode.swift; path = BusinessListTableViewController.swift; sourceTree = "<group>"; };
		6BA5943A1B890D4000BA348A /* BusinessListCell.swift */ = {isa = PBXFileReference; fileEncoding = 4; lastKnownFileType = sourcecode.swift; path = BusinessListCell.swift; sourceTree = "<group>"; };
		6BA5943D1B891FB000BA348A /* Data.swift */ = {isa = PBXFileReference; fileEncoding = 4; lastKnownFileType = sourcecode.swift; path = Data.swift; sourceTree = "<group>"; };
		6BD9DC1F1B754BB000BA1EC3 /* Business.swift */ = {isa = PBXFileReference; fileEncoding = 4; lastKnownFileType = sourcecode.swift; path = Business.swift; sourceTree = "<group>"; };
		6BE3686D1B9CEDD800769FC3 /* BusinessInfoViewController.swift */ = {isa = PBXFileReference; fileEncoding = 4; lastKnownFileType = sourcecode.swift; path = BusinessInfoViewController.swift; sourceTree = "<group>"; };
		6BEF0FDD1B98EE7300AD9FD3 /* CoreLocation.framework */ = {isa = PBXFileReference; lastKnownFileType = wrapper.framework; name = CoreLocation.framework; path = System/Library/Frameworks/CoreLocation.framework; sourceTree = SDKROOT; };
		6BEF0FDF1B98EE7D00AD9FD3 /* MapKit.framework */ = {isa = PBXFileReference; lastKnownFileType = wrapper.framework; name = MapKit.framework; path = System/Library/Frameworks/MapKit.framework; sourceTree = SDKROOT; };
		D4FF6C1D36958D0D89BC26B3 /* Pods.framework */ = {isa = PBXFileReference; explicitFileType = wrapper.framework; includeInIndex = 0; path = Pods.framework; sourceTree = BUILT_PRODUCTS_DIR; };
/* End PBXFileReference section */

/* Begin PBXFrameworksBuildPhase section */
		6B4E14941B6956C700C4299C /* Frameworks */ = {
			isa = PBXFrameworksBuildPhase;
			buildActionMask = 2147483647;
			files = (
				6B5ADB3C1BAA060D006D2CB9 /* Social.framework in Frameworks */,
				6B5ADB3A1BAA0606006D2CB9 /* Accounts.framework in Frameworks */,
				6B5ADB381BAA05FC006D2CB9 /* libsqlite3.tbd in Frameworks */,
				6B5ADB361BAA05F0006D2CB9 /* libz.tbd in Frameworks */,
				6B5ADB341BAA05BC006D2CB9 /* SystemConfiguration.framework in Frameworks */,
				6B5ADB321BAA05B1006D2CB9 /* StoreKit.framework in Frameworks */,
				6B5ADB301BAA05A9006D2CB9 /* Security.framework in Frameworks */,
				6B5ADB2E1BAA059D006D2CB9 /* QuartzCore.framework in Frameworks */,
				6BEF0FDE1B98EE7300AD9FD3 /* CoreLocation.framework in Frameworks */,
				6B5ADB2C1BAA0589006D2CB9 /* CoreGraphics.framework in Frameworks */,
				6B5ADB2A1BAA0580006D2CB9 /* CFNetwork.framework in Frameworks */,
				6B5ADB281BAA0576006D2CB9 /* AudioToolbox.framework in Frameworks */,
				6BEF0FE01B98EE7D00AD9FD3 /* MapKit.framework in Frameworks */,
				8222E8B992837C9540E4088E /* Pods.framework in Frameworks */,
				6B5ADB251BAA04F5006D2CB9 /* Bolts.framework in Frameworks */,
				6B5ADB261BAA04F5006D2CB9 /* Parse.framework in Frameworks */,
			);
			runOnlyForDeploymentPostprocessing = 0;
		};
		6B4E14AB1B6956C800C4299C /* Frameworks */ = {
			isa = PBXFrameworksBuildPhase;
			buildActionMask = 2147483647;
			files = (
			);
			runOnlyForDeploymentPostprocessing = 0;
		};
/* End PBXFrameworksBuildPhase section */

/* Begin PBXGroup section */
		1C7BF352C4F8527C682FFF39 /* Pods */ = {
			isa = PBXGroup;
			children = (
				31E83DBDD134563A2FCD1079 /* Pods.debug.xcconfig */,
				11CD4C01EBA424C5A741509B /* Pods.release.xcconfig */,
			);
			name = Pods;
			sourceTree = "<group>";
		};
		6B3CC1671BA0DFA000061484 /* ChildControllers */ = {
			isa = PBXGroup;
			children = (
				6B3CC1651BA0DF8E00061484 /* InfoChildViewController.swift */,
			);
			name = ChildControllers;
			sourceTree = "<group>";
		};
		6B4E148E1B6956C700C4299C = {
			isa = PBXGroup;
			children = (
				6B4E14991B6956C700C4299C /* Your Monterey Peninsula */,
				6B4E14B11B6956C800C4299C /* Your Monterey PeninsulaTests */,
				6B4E14981B6956C700C4299C /* Products */,
				1C7BF352C4F8527C682FFF39 /* Pods */,
				D50E71569F2BA5A3F40C5749 /* Frameworks */,
			);
			sourceTree = "<group>";
		};
		6B4E14981B6956C700C4299C /* Products */ = {
			isa = PBXGroup;
			children = (
				6B4E14971B6956C700C4299C /* Your Monterey Peninsula.app */,
				6B4E14AE1B6956C800C4299C /* Your Monterey PeninsulaTests.xctest */,
			);
			name = Products;
			sourceTree = "<group>";
		};
		6B4E14991B6956C700C4299C /* Your Monterey Peninsula */ = {
			isa = PBXGroup;
			children = (
				6B5ADB3D1BAA0927006D2CB9 /* Your Monterey Peninsula-Bridging-Header.h */,
				6B5430571B8D035300FECABF /* ParseFactory.swift */,
				6B4E149C1B6956C700C4299C /* AppDelegate.swift */,
				6B4E14A21B6956C700C4299C /* Main.storyboard */,
				6BD9DC1E1B7548EB00BA1EC3 /* Controllers */,
				6BD9DC1D1B7548E000BA1EC3 /* Models */,
				6B4E14A51B6956C700C4299C /* Images.xcassets */,
				6B4E14A71B6956C700C4299C /* LaunchScreen.xib */,
				6B4E149A1B6956C700C4299C /* Supporting Files */,
			);
			path = "Your Monterey Peninsula";
			sourceTree = "<group>";
		};
		6B4E149A1B6956C700C4299C /* Supporting Files */ = {
			isa = PBXGroup;
			children = (
				6B4E149B1B6956C700C4299C /* Info.plist */,
			);
			name = "Supporting Files";
			sourceTree = "<group>";
		};
		6B4E14B11B6956C800C4299C /* Your Monterey PeninsulaTests */ = {
			isa = PBXGroup;
			children = (
				6B4E14B41B6956C800C4299C /* Your_Monterey_PeninsulaTests.swift */,
				6B4E14B21B6956C800C4299C /* Supporting Files */,
			);
			path = "Your Monterey PeninsulaTests";
			sourceTree = "<group>";
		};
		6B4E14B21B6956C800C4299C /* Supporting Files */ = {
			isa = PBXGroup;
			children = (
				6B4E14B31B6956C800C4299C /* Info.plist */,
			);
			name = "Supporting Files";
			sourceTree = "<group>";
		};
		6BA594391B890D0600BA348A /* CategoryList */ = {
			isa = PBXGroup;
			children = (
				6B37567C1B87C1D400B907C0 /* CategoryTableViewCell.swift */,
				6B3756781B87BBD600B907C0 /* CategoriesTableViewController.swift */,
			);
			name = CategoryList;
			sourceTree = "<group>";
		};
		6BA5943C1B890D4E00BA348A /* BusinessList */ = {
			isa = PBXGroup;
			children = (
				6BA594371B890B9A00BA348A /* BusinessListTableViewController.swift */,
				6BA5943A1B890D4000BA348A /* BusinessListCell.swift */,
			);
			name = BusinessList;
			sourceTree = "<group>";
		};
		6BD9DC1D1B7548E000BA1EC3 /* Models */ = {
			isa = PBXGroup;
			children = (
				6BD9DC1F1B754BB000BA1EC3 /* Business.swift */,
				6BA5943D1B891FB000BA348A /* Data.swift */,
			);
			name = Models;
			sourceTree = "<group>";
		};
		6BD9DC1E1B7548EB00BA1EC3 /* Controllers */ = {
			isa = PBXGroup;
			children = (
				6BE3686C1B9CEDA900769FC3 /* BusinessInfo */,
				6BA5943C1B890D4E00BA348A /* BusinessList */,
				6BA594391B890D0600BA348A /* CategoryList */,
				6BEF0FDC1B98E91300AD9FD3 /* MapView */,
				6B4E14A01B6956C700C4299C /* SecondViewController.swift */,
			);
			name = Controllers;
			sourceTree = "<group>";
		};
		6BE3686C1B9CEDA900769FC3 /* BusinessInfo */ = {
			isa = PBXGroup;
			children = (
				6B3CC1671BA0DFA000061484 /* ChildControllers */,
				6BE3686D1B9CEDD800769FC3 /* BusinessInfoViewController.swift */,
			);
			name = BusinessInfo;
			sourceTree = "<group>";
		};
		6BEF0FDC1B98E91300AD9FD3 /* MapView */ = {
			isa = PBXGroup;
			children = (
				6B4E149E1B6956C700C4299C /* MapController.swift */,
			);
			name = MapView;
			sourceTree = "<group>";
		};
		D50E71569F2BA5A3F40C5749 /* Frameworks */ = {
			isa = PBXGroup;
			children = (
				6B5ADB231BAA04F5006D2CB9 /* Bolts.framework */,
				6B5ADB241BAA04F5006D2CB9 /* Parse.framework */,
				6B5ADB3B1BAA060D006D2CB9 /* Social.framework */,
				6B5ADB391BAA0606006D2CB9 /* Accounts.framework */,
				6B5ADB371BAA05FC006D2CB9 /* libsqlite3.tbd */,
				6B5ADB351BAA05F0006D2CB9 /* libz.tbd */,
				6B5ADB331BAA05BC006D2CB9 /* SystemConfiguration.framework */,
				6B5ADB311BAA05B1006D2CB9 /* StoreKit.framework */,
				6B5ADB2F1BAA05A9006D2CB9 /* Security.framework */,
				6B5ADB2D1BAA059D006D2CB9 /* QuartzCore.framework */,
				6B5ADB2B1BAA0589006D2CB9 /* CoreGraphics.framework */,
				6B5ADB291BAA0580006D2CB9 /* CFNetwork.framework */,
				6B5ADB271BAA0576006D2CB9 /* AudioToolbox.framework */,
				6BEF0FDF1B98EE7D00AD9FD3 /* MapKit.framework */,
				6BEF0FDD1B98EE7300AD9FD3 /* CoreLocation.framework */,
				D4FF6C1D36958D0D89BC26B3 /* Pods.framework */,
			);
			name = Frameworks;
			sourceTree = "<group>";
		};
/* End PBXGroup section */

/* Begin PBXNativeTarget section */
		6B4E14961B6956C700C4299C /* Your Monterey Peninsula */ = {
			isa = PBXNativeTarget;
			buildConfigurationList = 6B4E14B81B6956C800C4299C /* Build configuration list for PBXNativeTarget "Your Monterey Peninsula" */;
			buildPhases = (
				65416A65180290416496478D /* Check Pods Manifest.lock */,
				6B4E14931B6956C700C4299C /* Sources */,
				6B4E14941B6956C700C4299C /* Frameworks */,
				6B4E14951B6956C700C4299C /* Resources */,
				DB0D8CCC883926DC5793F993 /* Embed Pods Frameworks */,
				CC021750627060141727BFBA /* Copy Pods Resources */,
			);
			buildRules = (
			);
			dependencies = (
			);
			name = "Your Monterey Peninsula";
			productName = "Your Monterey Peninsula";
			productReference = 6B4E14971B6956C700C4299C /* Your Monterey Peninsula.app */;
			productType = "com.apple.product-type.application";
		};
		6B4E14AD1B6956C800C4299C /* Your Monterey PeninsulaTests */ = {
			isa = PBXNativeTarget;
			buildConfigurationList = 6B4E14BB1B6956C800C4299C /* Build configuration list for PBXNativeTarget "Your Monterey PeninsulaTests" */;
			buildPhases = (
				6B4E14AA1B6956C800C4299C /* Sources */,
				6B4E14AB1B6956C800C4299C /* Frameworks */,
				6B4E14AC1B6956C800C4299C /* Resources */,
			);
			buildRules = (
			);
			dependencies = (
				6B4E14B01B6956C800C4299C /* PBXTargetDependency */,
			);
			name = "Your Monterey PeninsulaTests";
			productName = "Your Monterey PeninsulaTests";
			productReference = 6B4E14AE1B6956C800C4299C /* Your Monterey PeninsulaTests.xctest */;
			productType = "com.apple.product-type.bundle.unit-test";
		};
/* End PBXNativeTarget section */

/* Begin PBXProject section */
		6B4E148F1B6956C700C4299C /* Project object */ = {
			isa = PBXProject;
			attributes = {
				LastSwiftMigration = 0700;
				LastSwiftUpdateCheck = 0700;
				LastUpgradeCheck = 0700;
				ORGANIZATIONNAME = NestorZepeda;
				TargetAttributes = {
					6B4E14961B6956C700C4299C = {
						CreatedOnToolsVersion = 6.4;
					};
					6B4E14AD1B6956C800C4299C = {
						CreatedOnToolsVersion = 6.4;
						TestTargetID = 6B4E14961B6956C700C4299C;
					};
				};
			};
			buildConfigurationList = 6B4E14921B6956C700C4299C /* Build configuration list for PBXProject "Your Monterey Peninsula" */;
			compatibilityVersion = "Xcode 3.2";
			developmentRegion = English;
			hasScannedForEncodings = 0;
			knownRegions = (
				en,
				Base,
			);
			mainGroup = 6B4E148E1B6956C700C4299C;
			productRefGroup = 6B4E14981B6956C700C4299C /* Products */;
			projectDirPath = "";
			projectRoot = "";
			targets = (
				6B4E14961B6956C700C4299C /* Your Monterey Peninsula */,
				6B4E14AD1B6956C800C4299C /* Your Monterey PeninsulaTests */,
			);
		};
/* End PBXProject section */

/* Begin PBXResourcesBuildPhase section */
		6B4E14951B6956C700C4299C /* Resources */ = {
			isa = PBXResourcesBuildPhase;
			buildActionMask = 2147483647;
			files = (
				6B4E14A41B6956C700C4299C /* Main.storyboard in Resources */,
				6B4E14A91B6956C700C4299C /* LaunchScreen.xib in Resources */,
				6B4E14A61B6956C700C4299C /* Images.xcassets in Resources */,
			);
			runOnlyForDeploymentPostprocessing = 0;
		};
		6B4E14AC1B6956C800C4299C /* Resources */ = {
			isa = PBXResourcesBuildPhase;
			buildActionMask = 2147483647;
			files = (
			);
			runOnlyForDeploymentPostprocessing = 0;
		};
/* End PBXResourcesBuildPhase section */

/* Begin PBXShellScriptBuildPhase section */
		65416A65180290416496478D /* Check Pods Manifest.lock */ = {
			isa = PBXShellScriptBuildPhase;
			buildActionMask = 2147483647;
			files = (
			);
			inputPaths = (
			);
			name = "Check Pods Manifest.lock";
			outputPaths = (
			);
			runOnlyForDeploymentPostprocessing = 0;
			shellPath = /bin/sh;
			shellScript = "diff \"${PODS_ROOT}/../Podfile.lock\" \"${PODS_ROOT}/Manifest.lock\" > /dev/null\nif [[ $? != 0 ]] ; then\n    cat << EOM\nerror: The sandbox is not in sync with the Podfile.lock. Run 'pod install' or update your CocoaPods installation.\nEOM\n    exit 1\nfi\n";
			showEnvVarsInLog = 0;
		};
		CC021750627060141727BFBA /* Copy Pods Resources */ = {
			isa = PBXShellScriptBuildPhase;
			buildActionMask = 2147483647;
			files = (
			);
			inputPaths = (
			);
			name = "Copy Pods Resources";
			outputPaths = (
			);
			runOnlyForDeploymentPostprocessing = 0;
			shellPath = /bin/sh;
			shellScript = "\"${SRCROOT}/Pods/Target Support Files/Pods/Pods-resources.sh\"\n";
			showEnvVarsInLog = 0;
		};
		DB0D8CCC883926DC5793F993 /* Embed Pods Frameworks */ = {
			isa = PBXShellScriptBuildPhase;
			buildActionMask = 2147483647;
			files = (
			);
			inputPaths = (
			);
			name = "Embed Pods Frameworks";
			outputPaths = (
			);
			runOnlyForDeploymentPostprocessing = 0;
			shellPath = /bin/sh;
			shellScript = "\"${SRCROOT}/Pods/Target Support Files/Pods/Pods-frameworks.sh\"\n";
			showEnvVarsInLog = 0;
		};
/* End PBXShellScriptBuildPhase section */

/* Begin PBXSourcesBuildPhase section */
		6B4E14931B6956C700C4299C /* Sources */ = {
			isa = PBXSourcesBuildPhase;
			buildActionMask = 2147483647;
			files = (
				6BA5943B1B890D4000BA348A /* BusinessListCell.swift in Sources */,
				6BA5943E1B891FB000BA348A /* Data.swift in Sources */,
				6B4E14A11B6956C700C4299C /* SecondViewController.swift in Sources */,
				6BE3686E1B9CEDD800769FC3 /* BusinessInfoViewController.swift in Sources */,
				6BD9DC201B754BB000BA1EC3 /* Business.swift in Sources */,
				6B3756791B87BBD600B907C0 /* CategoriesTableViewController.swift in Sources */,
				6B5430581B8D035300FECABF /* ParseFactory.swift in Sources */,
				6B37567E1B87C1D400B907C0 /* CategoryTableViewCell.swift in Sources */,
				6B4E149D1B6956C700C4299C /* AppDelegate.swift in Sources */,
				6B4E149F1B6956C700C4299C /* MapController.swift in Sources */,
				6B3CC1661BA0DF8E00061484 /* InfoChildViewController.swift in Sources */,
				6BA594381B890B9A00BA348A /* BusinessListTableViewController.swift in Sources */,
			);
			runOnlyForDeploymentPostprocessing = 0;
		};
		6B4E14AA1B6956C800C4299C /* Sources */ = {
			isa = PBXSourcesBuildPhase;
			buildActionMask = 2147483647;
			files = (
				6B4E14B51B6956C800C4299C /* Your_Monterey_PeninsulaTests.swift in Sources */,
			);
			runOnlyForDeploymentPostprocessing = 0;
		};
/* End PBXSourcesBuildPhase section */

/* Begin PBXTargetDependency section */
		6B4E14B01B6956C800C4299C /* PBXTargetDependency */ = {
			isa = PBXTargetDependency;
			target = 6B4E14961B6956C700C4299C /* Your Monterey Peninsula */;
			targetProxy = 6B4E14AF1B6956C800C4299C /* PBXContainerItemProxy */;
		};
/* End PBXTargetDependency section */

/* Begin PBXVariantGroup section */
		6B4E14A21B6956C700C4299C /* Main.storyboard */ = {
			isa = PBXVariantGroup;
			children = (
				6B4E14A31B6956C700C4299C /* Base */,
			);
			name = Main.storyboard;
			sourceTree = "<group>";
		};
		6B4E14A71B6956C700C4299C /* LaunchScreen.xib */ = {
			isa = PBXVariantGroup;
			children = (
				6B4E14A81B6956C700C4299C /* Base */,
			);
			name = LaunchScreen.xib;
			sourceTree = "<group>";
		};
/* End PBXVariantGroup section */

/* Begin XCBuildConfiguration section */
		6B4E14B61B6956C800C4299C /* Debug */ = {
			isa = XCBuildConfiguration;
			buildSettings = {
				ALWAYS_SEARCH_USER_PATHS = NO;
				CLANG_CXX_LANGUAGE_STANDARD = "gnu++0x";
				CLANG_CXX_LIBRARY = "libc++";
				CLANG_ENABLE_MODULES = YES;
				CLANG_ENABLE_OBJC_ARC = YES;
				CLANG_WARN_BOOL_CONVERSION = YES;
				CLANG_WARN_CONSTANT_CONVERSION = YES;
				CLANG_WARN_DIRECT_OBJC_ISA_USAGE = YES_ERROR;
				CLANG_WARN_EMPTY_BODY = YES;
				CLANG_WARN_ENUM_CONVERSION = YES;
				CLANG_WARN_INT_CONVERSION = YES;
				CLANG_WARN_OBJC_ROOT_CLASS = YES_ERROR;
				CLANG_WARN_UNREACHABLE_CODE = YES;
				CLANG_WARN__DUPLICATE_METHOD_MATCH = YES;
				"CODE_SIGN_IDENTITY[sdk=iphoneos*]" = "iPhone Developer";
				COPY_PHASE_STRIP = NO;
				DEBUG_INFORMATION_FORMAT = "dwarf-with-dsym";
				ENABLE_STRICT_OBJC_MSGSEND = YES;
				ENABLE_TESTABILITY = YES;
				GCC_C_LANGUAGE_STANDARD = gnu99;
				GCC_DYNAMIC_NO_PIC = NO;
				GCC_NO_COMMON_BLOCKS = YES;
				GCC_OPTIMIZATION_LEVEL = 0;
				GCC_PREPROCESSOR_DEFINITIONS = (
					"DEBUG=1",
					"$(inherited)",
				);
				GCC_SYMBOLS_PRIVATE_EXTERN = NO;
				GCC_WARN_64_TO_32_BIT_CONVERSION = YES;
				GCC_WARN_ABOUT_RETURN_TYPE = YES_ERROR;
				GCC_WARN_UNDECLARED_SELECTOR = YES;
				GCC_WARN_UNINITIALIZED_AUTOS = YES_AGGRESSIVE;
				GCC_WARN_UNUSED_FUNCTION = YES;
				GCC_WARN_UNUSED_VARIABLE = YES;
				IPHONEOS_DEPLOYMENT_TARGET = 8.4;
				MTL_ENABLE_DEBUG_INFO = YES;
				ONLY_ACTIVE_ARCH = YES;
				SDKROOT = iphoneos;
				"SWIFT_OBJC_BRIDGING_HEADER[arch=*]" = "";
				SWIFT_OPTIMIZATION_LEVEL = "-Onone";
			};
			name = Debug;
		};
		6B4E14B71B6956C800C4299C /* Release */ = {
			isa = XCBuildConfiguration;
			buildSettings = {
				ALWAYS_SEARCH_USER_PATHS = NO;
				CLANG_CXX_LANGUAGE_STANDARD = "gnu++0x";
				CLANG_CXX_LIBRARY = "libc++";
				CLANG_ENABLE_MODULES = YES;
				CLANG_ENABLE_OBJC_ARC = YES;
				CLANG_WARN_BOOL_CONVERSION = YES;
				CLANG_WARN_CONSTANT_CONVERSION = YES;
				CLANG_WARN_DIRECT_OBJC_ISA_USAGE = YES_ERROR;
				CLANG_WARN_EMPTY_BODY = YES;
				CLANG_WARN_ENUM_CONVERSION = YES;
				CLANG_WARN_INT_CONVERSION = YES;
				CLANG_WARN_OBJC_ROOT_CLASS = YES_ERROR;
				CLANG_WARN_UNREACHABLE_CODE = YES;
				CLANG_WARN__DUPLICATE_METHOD_MATCH = YES;
				"CODE_SIGN_IDENTITY[sdk=iphoneos*]" = "iPhone Developer";
				COPY_PHASE_STRIP = NO;
				DEBUG_INFORMATION_FORMAT = "dwarf-with-dsym";
				ENABLE_NS_ASSERTIONS = NO;
				ENABLE_STRICT_OBJC_MSGSEND = YES;
				GCC_C_LANGUAGE_STANDARD = gnu99;
				GCC_NO_COMMON_BLOCKS = YES;
				GCC_WARN_64_TO_32_BIT_CONVERSION = YES;
				GCC_WARN_ABOUT_RETURN_TYPE = YES_ERROR;
				GCC_WARN_UNDECLARED_SELECTOR = YES;
				GCC_WARN_UNINITIALIZED_AUTOS = YES_AGGRESSIVE;
				GCC_WARN_UNUSED_FUNCTION = YES;
				GCC_WARN_UNUSED_VARIABLE = YES;
				IPHONEOS_DEPLOYMENT_TARGET = 8.4;
				MTL_ENABLE_DEBUG_INFO = NO;
				SDKROOT = iphoneos;
				VALIDATE_PRODUCT = YES;
			};
			name = Release;
		};
		6B4E14B91B6956C800C4299C /* Debug */ = {
			isa = XCBuildConfiguration;
			baseConfigurationReference = 31E83DBDD134563A2FCD1079 /* Pods.debug.xcconfig */;
			buildSettings = {
				ASSETCATALOG_COMPILER_APPICON_NAME = AppIcon;
				CLANG_ENABLE_MODULES = YES;
				FRAMEWORK_SEARCH_PATHS = (
					"$(inherited)",
					"$(PROJECT_DIR)",
				);
				INFOPLIST_FILE = "Your Monterey Peninsula/Info.plist";
				LD_RUNPATH_SEARCH_PATHS = "$(inherited) @executable_path/Frameworks";
				OTHER_LDFLAGS = (
					"$(inherited),",
					"-ObjC",
				);
				PRODUCT_BUNDLE_IDENTIFIER = "self.com.zepedanestor.$(PRODUCT_NAME:rfc1034identifier)";
				PRODUCT_NAME = "$(TARGET_NAME)";
				SWIFT_OBJC_BRIDGING_HEADER = "Your Monterey Peninsula-Bridging-Header.h";
				SWIFT_OPTIMIZATION_LEVEL = "-Onone";
				"TEST_HOST[sdk=*]" = "";
			};
			name = Debug;
		};
		6B4E14BA1B6956C800C4299C /* Release */ = {
			isa = XCBuildConfiguration;
			baseConfigurationReference = 11CD4C01EBA424C5A741509B /* Pods.release.xcconfig */;
			buildSettings = {
				ASSETCATALOG_COMPILER_APPICON_NAME = AppIcon;
				CLANG_ENABLE_MODULES = YES;
				FRAMEWORK_SEARCH_PATHS = (
					"$(inherited)",
					"$(PROJECT_DIR)",
				);
				INFOPLIST_FILE = "Your Monterey Peninsula/Info.plist";
				LD_RUNPATH_SEARCH_PATHS = "$(inherited) @executable_path/Frameworks";
				OTHER_LDFLAGS = (
					"$(inherited),",
					"-ObjC",
				);
				PRODUCT_BUNDLE_IDENTIFIER = "self.com.zepedanestor.$(PRODUCT_NAME:rfc1034identifier)";
				PRODUCT_NAME = "$(TARGET_NAME)";
				SWIFT_OBJC_BRIDGING_HEADER = "Your Monterey Peninsula-Bridging-Header.h";
			};
			name = Release;
		};
		6B4E14BC1B6956C800C4299C /* Debug */ = {
			isa = XCBuildConfiguration;
			buildSettings = {
				BUNDLE_LOADER = "$(TEST_HOST)";
				FRAMEWORK_SEARCH_PATHS = (
					"$(SDKROOT)/Developer/Library/Frameworks",
					"$(inherited)",
				);
				GCC_PREPROCESSOR_DEFINITIONS = (
					"DEBUG=1",
					"$(inherited)",
				);
				INFOPLIST_FILE = "Your Monterey PeninsulaTests/Info.plist";
				LD_RUNPATH_SEARCH_PATHS = "$(inherited) @executable_path/Frameworks @loader_path/Frameworks";
				PRODUCT_BUNDLE_IDENTIFIER = "self.com.zepedanestor.$(PRODUCT_NAME:rfc1034identifier)";
				PRODUCT_NAME = "$(TARGET_NAME)";
				TEST_HOST = "";
			};
			name = Debug;
		};
		6B4E14BD1B6956C800C4299C /* Release */ = {
			isa = XCBuildConfiguration;
			buildSettings = {
				BUNDLE_LOADER = "$(TEST_HOST)";
				FRAMEWORK_SEARCH_PATHS = (
					"$(SDKROOT)/Developer/Library/Frameworks",
					"$(inherited)",
				);
				INFOPLIST_FILE = "Your Monterey PeninsulaTests/Info.plist";
				LD_RUNPATH_SEARCH_PATHS = "$(inherited) @executable_path/Frameworks @loader_path/Frameworks";
				PRODUCT_BUNDLE_IDENTIFIER = "self.com.zepedanestor.$(PRODUCT_NAME:rfc1034identifier)";
				PRODUCT_NAME = "$(TARGET_NAME)";
				TEST_HOST = "";
			};
			name = Release;
		};
/* End XCBuildConfiguration section */

/* Begin XCConfigurationList section */
		6B4E14921B6956C700C4299C /* Build configuration list for PBXProject "Your Monterey Peninsula" */ = {
			isa = XCConfigurationList;
			buildConfigurations = (
				6B4E14B61B6956C800C4299C /* Debug */,
				6B4E14B71B6956C800C4299C /* Release */,
			);
			defaultConfigurationIsVisible = 0;
			defaultConfigurationName = Release;
		};
		6B4E14B81B6956C800C4299C /* Build configuration list for PBXNativeTarget "Your Monterey Peninsula" */ = {
			isa = XCConfigurationList;
			buildConfigurations = (
				6B4E14B91B6956C800C4299C /* Debug */,
				6B4E14BA1B6956C800C4299C /* Release */,
			);
			defaultConfigurationIsVisible = 0;
			defaultConfigurationName = Release;
		};
		6B4E14BB1B6956C800C4299C /* Build configuration list for PBXNativeTarget "Your Monterey PeninsulaTests" */ = {
			isa = XCConfigurationList;
			buildConfigurations = (
				6B4E14BC1B6956C800C4299C /* Debug */,
				6B4E14BD1B6956C800C4299C /* Release */,
			);
			defaultConfigurationIsVisible = 0;
			defaultConfigurationName = Release;
		};
/* End XCConfigurationList section */
	};
	rootObject = 6B4E148F1B6956C700C4299C /* Project object */;
}
